{
  "checksum": "4b6f067943aa81e1724ec80480cd1db28f6eb1cc6b7b0b12675d08785a018327",
  "crates": {
    "autocfg 1.4.0": {
      "name": "autocfg",
      "version": "1.4.0",
      "package_url": "https://github.com/cuviper/autocfg",
      "repository": {
        "Http": {
          "url": "https://static.crates.io/crates/autocfg/1.4.0/download",
          "sha256": "ace50bade8e6234aa140d9a2f552bbee1db4d353f69b8217bc503490fc1a9f26"
        }
      },
      "targets": [
        {
          "Library": {
            "crate_name": "autocfg",
            "crate_root": "src/lib.rs",
            "srcs": {
              "allow_empty": true,
              "include": [
                "**/*.rs"
              ]
            }
          }
        }
      ],
      "library_target_name": "autocfg",
      "common_attrs": {
        "compile_data_glob": [
          "**"
        ],
        "edition": "2015",
        "version": "1.4.0"
      },
      "license": "Apache-2.0 OR MIT",
      "license_ids": [
        "Apache-2.0",
        "MIT"
      ],
      "license_file": "LICENSE-APACHE"
    },
    "bitflags 2.6.0": {
      "name": "bitflags",
      "version": "2.6.0",
      "package_url": "https://github.com/bitflags/bitflags",
      "repository": {
        "Http": {
          "url": "https://static.crates.io/crates/bitflags/2.6.0/download",
          "sha256": "b048fb63fd8b5923fc5aa7b340d8e156aec7ec02f0c78fa8a6ddc2613f6f71de"
        }
      },
      "targets": [
        {
          "Library": {
            "crate_name": "bitflags",
            "crate_root": "src/lib.rs",
            "srcs": {
              "allow_empty": true,
              "include": [
                "**/*.rs"
              ]
            }
          }
        }
      ],
      "library_target_name": "bitflags",
      "common_attrs": {
        "compile_data_glob": [
          "**"
        ],
        "edition": "2021",
        "version": "2.6.0"
      },
      "license": "MIT OR Apache-2.0",
      "license_ids": [
        "Apache-2.0",
        "MIT"
      ],
      "license_file": "LICENSE-APACHE"
    },
    "direct-cargo-bazel-deps 0.0.1": {
      "name": "direct-cargo-bazel-deps",
      "version": "0.0.1",
      "package_url": null,
      "repository": null,
      "targets": [
        {
          "Library": {
            "crate_name": "direct_cargo_bazel_deps",
            "crate_root": ".direct_cargo_bazel_deps.rs",
            "srcs": {
              "allow_empty": true,
              "include": [
                "**/*.rs"
              ]
            }
          }
        }
      ],
      "library_target_name": "direct_cargo_bazel_deps",
      "common_attrs": {
        "compile_data_glob": [
          "**"
        ],
        "deps": {
          "common": [
            {
              "id": "json 0.12.4",
              "target": "json"
            },
            {
              "id": "portaudio 0.8.0",
              "target": "portaudio"
            }
          ],
          "selects": {}
        },
        "edition": "2018",
        "version": "0.0.1"
      },
      "license": null,
      "license_ids": [],
      "license_file": null
    },
    "json 0.12.4": {
      "name": "json",
      "version": "0.12.4",
      "package_url": "https://github.com/maciejhirsz/json-rust",
      "repository": {
        "Http": {
          "url": "https://static.crates.io/crates/json/0.12.4/download",
          "sha256": "078e285eafdfb6c4b434e0d31e8cfcb5115b651496faca5749b88fafd4f23bfd"
        }
      },
      "targets": [
        {
          "Library": {
            "crate_name": "json",
            "crate_root": "src/lib.rs",
            "srcs": {
              "allow_empty": true,
              "include": [
                "**/*.rs"
              ]
            }
          }
        }
      ],
      "library_target_name": "json",
      "common_attrs": {
        "compile_data_glob": [
          "**"
        ],
        "edition": "2018",
        "version": "0.12.4"
      },
      "license": "MIT/Apache-2.0",
      "license_ids": [
        "Apache-2.0",
        "MIT"
      ],
      "license_file": "LICENSE-APACHE"
    },
    "libc 0.2.162": {
      "name": "libc",
      "version": "0.2.162",
      "package_url": "https://github.com/rust-lang/libc",
      "repository": {
        "Http": {
          "url": "https://static.crates.io/crates/libc/0.2.162/download",
          "sha256": "18d287de67fe55fd7e1581fe933d965a5a9477b38e949cfa9f8574ef01506398"
        }
      },
      "targets": [
        {
          "Library": {
            "crate_name": "libc",
            "crate_root": "src/lib.rs",
            "srcs": {
              "allow_empty": true,
              "include": [
                "**/*.rs"
              ]
            }
          }
        },
        {
          "BuildScript": {
            "crate_name": "build_script_build",
            "crate_root": "build.rs",
            "srcs": {
              "allow_empty": true,
              "include": [
                "**/*.rs"
              ]
            }
          }
        }
      ],
      "library_target_name": "libc",
      "common_attrs": {
        "compile_data_glob": [
          "**"
        ],
        "crate_features": {
          "common": [
            "default",
            "std"
          ],
          "selects": {}
        },
        "deps": {
          "common": [
            {
              "id": "libc 0.2.162",
              "target": "build_script_build"
            }
          ],
          "selects": {}
        },
        "edition": "2015",
        "version": "0.2.162"
      },
      "build_script_attrs": {
        "data_glob": [
          "**"
        ]
      },
      "license": "MIT OR Apache-2.0",
      "license_ids": [
        "Apache-2.0",
        "MIT"
      ],
      "license_file": "LICENSE-APACHE"
    },
    "num 0.2.1": {
      "name": "num",
      "version": "0.2.1",
      "package_url": "https://github.com/rust-num/num",
      "repository": {
        "Http": {
          "url": "https://static.crates.io/crates/num/0.2.1/download",
          "sha256": "b8536030f9fea7127f841b45bb6243b27255787fb4eb83958aa1ef9d2fdc0c36"
        }
      },
      "targets": [
        {
          "Library": {
            "crate_name": "num",
            "crate_root": "src/lib.rs",
            "srcs": {
              "allow_empty": true,
              "include": [
                "**/*.rs"
              ]
            }
          }
        }
      ],
      "library_target_name": "num",
      "common_attrs": {
        "compile_data_glob": [
          "**"
        ],
        "deps": {
          "common": [
            {
              "id": "num-complex 0.2.4",
              "target": "num_complex"
            },
            {
              "id": "num-integer 0.1.46",
              "target": "num_integer"
            },
            {
              "id": "num-iter 0.1.45",
              "target": "num_iter"
            },
            {
              "id": "num-rational 0.2.4",
              "target": "num_rational"
            },
            {
              "id": "num-traits 0.2.19",
              "target": "num_traits"
            }
          ],
          "selects": {}
        },
        "edition": "2015",
        "version": "0.2.1"
      },
      "license": "MIT/Apache-2.0",
      "license_ids": [
        "Apache-2.0",
        "MIT"
      ],
      "license_file": "LICENSE-APACHE"
    },
    "num-complex 0.2.4": {
      "name": "num-complex",
      "version": "0.2.4",
      "package_url": "https://github.com/rust-num/num-complex",
      "repository": {
        "Http": {
          "url": "https://static.crates.io/crates/num-complex/0.2.4/download",
          "sha256": "b6b19411a9719e753aff12e5187b74d60d3dc449ec3f4dc21e3989c3f554bc95"
        }
      },
      "targets": [
        {
          "Library": {
            "crate_name": "num_complex",
            "crate_root": "src/lib.rs",
            "srcs": {
              "allow_empty": true,
              "include": [
                "**/*.rs"
              ]
            }
          }
        },
        {
          "BuildScript": {
            "crate_name": "build_script_build",
            "crate_root": "build.rs",
            "srcs": {
              "allow_empty": true,
              "include": [
                "**/*.rs"
              ]
            }
          }
        }
      ],
      "library_target_name": "num_complex",
      "common_attrs": {
        "compile_data_glob": [
          "**"
        ],
        "deps": {
          "common": [
            {
              "id": "num-complex 0.2.4",
              "target": "build_script_build"
            },
            {
              "id": "num-traits 0.2.19",
              "target": "num_traits"
            }
          ],
          "selects": {}
        },
        "edition": "2015",
        "version": "0.2.4"
      },
      "build_script_attrs": {
        "data_glob": [
          "**"
        ],
        "deps": {
          "common": [
            {
              "id": "autocfg 1.4.0",
              "target": "autocfg"
            }
          ],
          "selects": {}
        }
      },
      "license": "MIT/Apache-2.0",
      "license_ids": [
        "Apache-2.0",
        "MIT"
      ],
      "license_file": "LICENSE-APACHE"
    },
    "num-integer 0.1.46": {
      "name": "num-integer",
      "version": "0.1.46",
      "package_url": "https://github.com/rust-num/num-integer",
      "repository": {
        "Http": {
          "url": "https://static.crates.io/crates/num-integer/0.1.46/download",
          "sha256": "7969661fd2958a5cb096e56c8e1ad0444ac2bbcd0061bd28660485a44879858f"
        }
      },
      "targets": [
        {
          "Library": {
            "crate_name": "num_integer",
            "crate_root": "src/lib.rs",
            "srcs": {
              "allow_empty": true,
              "include": [
                "**/*.rs"
              ]
            }
          }
        }
      ],
      "library_target_name": "num_integer",
      "common_attrs": {
        "compile_data_glob": [
          "**"
        ],
        "crate_features": {
          "common": [
            "i128"
          ],
          "selects": {}
        },
        "deps": {
          "common": [
            {
              "id": "num-traits 0.2.19",
              "target": "num_traits"
            }
          ],
          "selects": {}
        },
        "edition": "2018",
        "version": "0.1.46"
      },
      "license": "MIT OR Apache-2.0",
      "license_ids": [
        "Apache-2.0",
        "MIT"
      ],
      "license_file": "LICENSE-APACHE"
    },
    "num-iter 0.1.45": {
      "name": "num-iter",
      "version": "0.1.45",
      "package_url": "https://github.com/rust-num/num-iter",
      "repository": {
        "Http": {
          "url": "https://static.crates.io/crates/num-iter/0.1.45/download",
          "sha256": "1429034a0490724d0075ebb2bc9e875d6503c3cf69e235a8941aa757d83ef5bf"
        }
      },
      "targets": [
        {
          "Library": {
            "crate_name": "num_iter",
            "crate_root": "src/lib.rs",
            "srcs": {
              "allow_empty": true,
              "include": [
                "**/*.rs"
              ]
            }
          }
        }
      ],
      "library_target_name": "num_iter",
      "common_attrs": {
        "compile_data_glob": [
          "**"
        ],
        "deps": {
          "common": [
            {
              "id": "num-integer 0.1.46",
              "target": "num_integer"
            },
            {
              "id": "num-traits 0.2.19",
              "target": "num_traits"
            }
          ],
          "selects": {}
        },
        "edition": "2018",
        "version": "0.1.45"
      },
      "license": "MIT OR Apache-2.0",
      "license_ids": [
        "Apache-2.0",
        "MIT"
      ],
      "license_file": "LICENSE-APACHE"
    },
    "num-rational 0.2.4": {
      "name": "num-rational",
      "version": "0.2.4",
      "package_url": "https://github.com/rust-num/num-rational",
      "repository": {
        "Http": {
          "url": "https://static.crates.io/crates/num-rational/0.2.4/download",
          "sha256": "5c000134b5dbf44adc5cb772486d335293351644b801551abe8f75c84cfa4aef"
        }
      },
      "targets": [
        {
          "Library": {
            "crate_name": "num_rational",
            "crate_root": "src/lib.rs",
            "srcs": {
              "allow_empty": true,
              "include": [
                "**/*.rs"
              ]
            }
          }
        },
        {
          "BuildScript": {
            "crate_name": "build_script_build",
            "crate_root": "build.rs",
            "srcs": {
              "allow_empty": true,
              "include": [
                "**/*.rs"
              ]
            }
          }
        }
      ],
      "library_target_name": "num_rational",
      "common_attrs": {
        "compile_data_glob": [
          "**"
        ],
        "deps": {
          "common": [
            {
              "id": "num-integer 0.1.46",
              "target": "num_integer"
            },
            {
              "id": "num-rational 0.2.4",
              "target": "build_script_build"
            },
            {
              "id": "num-traits 0.2.19",
              "target": "num_traits"
            }
          ],
          "selects": {}
        },
        "edition": "2015",
        "version": "0.2.4"
      },
      "build_script_attrs": {
        "data_glob": [
          "**"
        ],
        "deps": {
          "common": [
            {
              "id": "autocfg 1.4.0",
              "target": "autocfg"
            }
          ],
          "selects": {}
        }
      },
      "license": "MIT/Apache-2.0",
      "license_ids": [
        "Apache-2.0",
        "MIT"
      ],
      "license_file": "LICENSE-APACHE"
    },
    "num-traits 0.2.19": {
      "name": "num-traits",
      "version": "0.2.19",
      "package_url": "https://github.com/rust-num/num-traits",
      "repository": {
        "Http": {
          "url": "https://static.crates.io/crates/num-traits/0.2.19/download",
          "sha256": "071dfc062690e90b734c0b2273ce72ad0ffa95f0c74596bc250dcfd960262841"
        }
      },
      "targets": [
        {
          "Library": {
            "crate_name": "num_traits",
            "crate_root": "src/lib.rs",
            "srcs": {
              "allow_empty": true,
              "include": [
                "**/*.rs"
              ]
            }
          }
        },
        {
          "BuildScript": {
            "crate_name": "build_script_build",
            "crate_root": "build.rs",
            "srcs": {
              "allow_empty": true,
              "include": [
                "**/*.rs"
              ]
            }
          }
        }
      ],
      "library_target_name": "num_traits",
      "common_attrs": {
        "compile_data_glob": [
          "**"
        ],
        "crate_features": {
          "common": [
            "i128"
          ],
          "selects": {}
        },
        "deps": {
          "common": [
            {
              "id": "num-traits 0.2.19",
              "target": "build_script_build"
            }
          ],
          "selects": {}
        },
        "edition": "2021",
        "version": "0.2.19"
      },
      "build_script_attrs": {
        "data_glob": [
          "**"
        ],
        "deps": {
          "common": [
            {
              "id": "autocfg 1.4.0",
              "target": "autocfg"
            }
          ],
          "selects": {}
        }
      },
      "license": "MIT OR Apache-2.0",
      "license_ids": [
        "Apache-2.0",
        "MIT"
      ],
      "license_file": "LICENSE-APACHE"
    },
    "pkg-config 0.3.31": {
      "name": "pkg-config",
      "version": "0.3.31",
      "package_url": "https://github.com/rust-lang/pkg-config-rs",
      "repository": {
        "Http": {
          "url": "https://static.crates.io/crates/pkg-config/0.3.31/download",
          "sha256": "953ec861398dccce10c670dfeaf3ec4911ca479e9c02154b3a215178c5f566f2"
        }
      },
      "targets": [
        {
          "Library": {
            "crate_name": "pkg_config",
            "crate_root": "src/lib.rs",
            "srcs": {
              "allow_empty": true,
              "include": [
                "**/*.rs"
              ]
            }
          }
        }
      ],
      "library_target_name": "pkg_config",
      "common_attrs": {
        "compile_data_glob": [
          "**"
        ],
        "edition": "2018",
        "version": "0.3.31"
      },
      "license": "MIT OR Apache-2.0",
      "license_ids": [
        "Apache-2.0",
        "MIT"
      ],
      "license_file": "LICENSE-APACHE"
    },
    "portaudio 0.8.0": {
      "name": "portaudio",
      "version": "0.8.0",
      "package_url": "https://github.com/RustAudio/rust-portaudio.git",
      "repository": {
        "Http": {
          "url": "https://static.crates.io/crates/portaudio/0.8.0/download",
          "sha256": "2d64242ed9c0236ba1470729856c0e69363ecd2339940230161383f1238804f6"
        }
      },
      "targets": [
        {
          "Library": {
            "crate_name": "portaudio",
            "crate_root": "src/lib.rs",
            "srcs": {
              "allow_empty": true,
              "include": [
                "**/*.rs"
              ]
            }
          }
        }
      ],
      "library_target_name": "portaudio",
      "common_attrs": {
        "compile_data_glob": [
          "**"
        ],
        "deps": {
          "common": [
            {
              "id": "bitflags 2.6.0",
              "target": "bitflags"
            },
            {
              "id": "libc 0.2.162",
              "target": "libc"
            },
            {
              "id": "num 0.2.1",
              "target": "num"
            },
            {
              "id": "portaudio-sys2 0.1.0",
              "target": "portaudio_sys"
            }
          ],
          "selects": {}
        },
        "edition": "2015",
        "version": "0.8.0"
      },
      "license": "MIT",
      "license_ids": [
        "MIT"
      ],
      "license_file": "LICENSE"
    },
    "portaudio-sys2 0.1.0": {
      "name": "portaudio-sys2",
      "version": "0.1.0",
      "package_url": "https://github.com/RustAudio/rust-portaudio.git",
      "repository": {
        "Http": {
          "url": "https://static.crates.io/crates/portaudio-sys2/0.1.0/download",
          "sha256": "86a36ee35d719327fee8827321bd41f3ee7a2cc2335aa28f9168ffed3e82c6b8"
        }
      },
      "targets": [
        {
          "Library": {
            "crate_name": "portaudio_sys",
            "crate_root": "src/lib.rs",
            "srcs": {
              "allow_empty": true,
              "include": [
                "**/*.rs"
              ]
            }
          }
        },
        {
          "BuildScript": {
            "crate_name": "build_script_build",
            "crate_root": "build.rs",
            "srcs": {
              "allow_empty": true,
              "include": [
                "**/*.rs"
              ]
            }
          }
        }
      ],
      "library_target_name": "portaudio_sys",
      "common_attrs": {
        "compile_data_glob": [
          "**"
        ],
        "deps": {
          "common": [
            {
              "id": "portaudio-sys2 0.1.0",
              "target": "build_script_build"
            }
          ],
          "selects": {}
        },
        "edition": "2015",
        "version": "0.1.0"
      },
      "build_script_attrs": {
        "data_glob": [
          "**"
        ],
        "deps": {
          "common": [
            {
              "id": "pkg-config 0.3.31",
              "target": "pkg_config"
            }
          ],
          "selects": {}
        },
        "links": "portaudio"
      },
      "license": "MIT",
      "license_ids": [
        "MIT"
      ],
      "license_file": null
    }
  },
  "binary_crates": [],
  "workspace_members": {
    "direct-cargo-bazel-deps 0.0.1": ""
  },
  "conditions": {
    "aarch64-apple-darwin": [
      "aarch64-apple-darwin"
    ],
    "aarch64-apple-ios": [
      "aarch64-apple-ios"
    ],
    "aarch64-apple-ios-sim": [
      "aarch64-apple-ios-sim"
    ],
    "aarch64-fuchsia": [
      "aarch64-fuchsia"
    ],
    "aarch64-linux-android": [
      "aarch64-linux-android"
    ],
    "aarch64-pc-windows-msvc": [
      "aarch64-pc-windows-msvc"
    ],
    "aarch64-unknown-linux-gnu": [
      "aarch64-unknown-linux-gnu"
    ],
    "aarch64-unknown-nixos-gnu": [
      "aarch64-unknown-nixos-gnu"
    ],
    "aarch64-unknown-nto-qnx710": [
      "aarch64-unknown-nto-qnx710"
    ],
    "arm-unknown-linux-gnueabi": [
      "arm-unknown-linux-gnueabi"
    ],
    "armv7-linux-androideabi": [
      "armv7-linux-androideabi"
    ],
    "armv7-unknown-linux-gnueabi": [
      "armv7-unknown-linux-gnueabi"
    ],
    "i686-apple-darwin": [
      "i686-apple-darwin"
    ],
    "i686-linux-android": [
      "i686-linux-android"
    ],
    "i686-pc-windows-msvc": [
      "i686-pc-windows-msvc"
    ],
    "i686-unknown-freebsd": [
      "i686-unknown-freebsd"
    ],
    "i686-unknown-linux-gnu": [
      "i686-unknown-linux-gnu"
    ],
    "powerpc-unknown-linux-gnu": [
      "powerpc-unknown-linux-gnu"
    ],
    "riscv32imc-unknown-none-elf": [
      "riscv32imc-unknown-none-elf"
    ],
    "riscv64gc-unknown-none-elf": [
      "riscv64gc-unknown-none-elf"
    ],
    "s390x-unknown-linux-gnu": [
      "s390x-unknown-linux-gnu"
    ],
    "thumbv7em-none-eabi": [
      "thumbv7em-none-eabi"
    ],
    "thumbv8m.main-none-eabi": [
      "thumbv8m.main-none-eabi"
    ],
    "wasm32-unknown-unknown": [
      "wasm32-unknown-unknown"
    ],
    "wasm32-wasi": [
      "wasm32-wasi"
    ],
    "x86_64-apple-darwin": [
      "x86_64-apple-darwin"
    ],
    "x86_64-apple-ios": [
      "x86_64-apple-ios"
    ],
    "x86_64-fuchsia": [
      "x86_64-fuchsia"
    ],
    "x86_64-linux-android": [
      "x86_64-linux-android"
    ],
    "x86_64-pc-windows-msvc": [
      "x86_64-pc-windows-msvc"
    ],
    "x86_64-unknown-freebsd": [
      "x86_64-unknown-freebsd"
    ],
    "x86_64-unknown-linux-gnu": [
      "x86_64-unknown-linux-gnu"
    ],
    "x86_64-unknown-nixos-gnu": [
      "x86_64-unknown-nixos-gnu"
    ],
    "x86_64-unknown-none": [
      "x86_64-unknown-none"
    ]
  },
  "direct_deps": [
    "json 0.12.4",
    "portaudio 0.8.0"
  ],
  "direct_dev_deps": []
}
